
Microsoft Visual Studio Solution File, Format Version 12.00
# Visual Studio Version 16
VisualStudioVersion = 16.0.31410.357
MinimumVisualStudioVersion = 10.0.40219.1
Project("{2150E333-8FDC-42A3-9474-1A3956D46DE8}") = "HTML-Exercises", "HTML-Exercises", "{4EE03906-540F-44E5-A1D6-A5249B4A4392}"
	ProjectSection(SolutionItems) = preProject
		index.html = index.html
	EndProjectSection
EndProject
Project("{2150E333-8FDC-42A3-9474-1A3956D46DE8}") = "CSS-exercises", "CSS-exercises", "{186C1C94-DEB1-4D57-A7F5-C0358522F383}"
EndProject
Global
	GlobalSection(SolutionProperties) = preSolution
		HideSolutionNode = FALSE
	EndGlobalSection
	GlobalSection(ExtensibilityGlobals) = postSolution
		SolutionGuid = {9AD1468E-8C58-40C0-884C-A0CA4EDA8C0B}
	EndGlobalSection
EndGlobal
